
Microsoft Visual Studio Solution File, Format Version 12.00
# Visual Studio 15
VisualStudioVersion = 15.0.28307.106
MinimumVisualStudioVersion = 10.0.40219.1
Project("{FAE04EC0-301F-11D3-BF4B-00C04F79EFBC}") = "Tools", "Tools\Tools.csproj", "{44CA16DA-E67A-4942-895F-032FB4B46B3E}"
EndProject
Project("{FAE04EC0-301F-11D3-BF4B-00C04F79EFBC}") = "keyboard", "keyboard\keyboard\keyboard.csproj", "{82A6BE46-E520-48BA-9E28-A218C3D12E6E}"
EndProject
Project("{FAE04EC0-301F-11D3-BF4B-00C04F79EFBC}") = "注册码生成器", "注册码生成器\注册码生成器.csproj", "{7C1B3A57-315C-4278-8016-69CDE14C7A91}"
EndProject
Project("{FAE04EC0-301F-11D3-BF4B-00C04F79EFBC}") = "Test", "Test\Test.csproj", "{132FB1BC-F206-40C5-9E0B-3C91826E501E}"
EndProject
Global
	GlobalSection(SolutionConfigurationPlatforms) = preSolution
		Debug|Any CPU = Debug|Any CPU
		Debug|x86 = Debug|x86
		Release|Any CPU = Release|Any CPU
		Release|x86 = Release|x86
	EndGlobalSection
	GlobalSection(ProjectConfigurationPlatforms) = postSolution
		{44CA16DA-E67A-4942-895F-032FB4B46B3E}.Debug|Any CPU.ActiveCfg = Debug|Any CPU
		{44CA16DA-E67A-4942-895F-032FB4B46B3E}.Debug|Any CPU.Build.0 = Debug|Any CPU
		{44CA16DA-E67A-4942-895F-032FB4B46B3E}.Debug|x86.ActiveCfg = Debug|Any CPU
		{44CA16DA-E67A-4942-895F-032FB4B46B3E}.Debug|x86.Build.0 = Debug|Any CPU
		{44CA16DA-E67A-4942-895F-032FB4B46B3E}.Release|Any CPU.ActiveCfg = Release|Any CPU
		{44CA16DA-E67A-4942-895F-032FB4B46B3E}.Release|Any CPU.Build.0 = Release|Any CPU
		{44CA16DA-E67A-4942-895F-032FB4B46B3E}.Release|x86.ActiveCfg = Release|Any CPU
		{44CA16DA-E67A-4942-895F-032FB4B46B3E}.Release|x86.Build.0 = Release|Any CPU
		{82A6BE46-E520-48BA-9E28-A218C3D12E6E}.Debug|Any CPU.ActiveCfg = Debug|x86
		{82A6BE46-E520-48BA-9E28-A218C3D12E6E}.Debug|x86.ActiveCfg = Debug|x86
		{82A6BE46-E520-48BA-9E28-A218C3D12E6E}.Debug|x86.Build.0 = Debug|x86
		{82A6BE46-E520-48BA-9E28-A218C3D12E6E}.Release|Any CPU.ActiveCfg = Release|x86
		{82A6BE46-E520-48BA-9E28-A218C3D12E6E}.Release|x86.ActiveCfg = Release|x86
		{82A6BE46-E520-48BA-9E28-A218C3D12E6E}.Release|x86.Build.0 = Release|x86
		{7C1B3A57-315C-4278-8016-69CDE14C7A91}.Debug|Any CPU.ActiveCfg = Debug|Any CPU
		{7C1B3A57-315C-4278-8016-69CDE14C7A91}.Debug|Any CPU.Build.0 = Debug|Any CPU
		{7C1B3A57-315C-4278-8016-69CDE14C7A91}.Debug|x86.ActiveCfg = Debug|Any CPU
		{7C1B3A57-315C-4278-8016-69CDE14C7A91}.Debug|x86.Build.0 = Debug|Any CPU
		{7C1B3A57-315C-4278-8016-69CDE14C7A91}.Release|Any CPU.ActiveCfg = Release|Any CPU
		{7C1B3A57-315C-4278-8016-69CDE14C7A91}.Release|Any CPU.Build.0 = Release|Any CPU
		{7C1B3A57-315C-4278-8016-69CDE14C7A91}.Release|x86.ActiveCfg = Release|Any CPU
		{7C1B3A57-315C-4278-8016-69CDE14C7A91}.Release|x86.Build.0 = Release|Any CPU
		{132FB1BC-F206-40C5-9E0B-3C91826E501E}.Debug|Any CPU.ActiveCfg = Debug|Any CPU
		{132FB1BC-F206-40C5-9E0B-3C91826E501E}.Debug|Any CPU.Build.0 = Debug|Any CPU
		{132FB1BC-F206-40C5-9E0B-3C91826E501E}.Debug|x86.ActiveCfg = Debug|Any CPU
		{132FB1BC-F206-40C5-9E0B-3C91826E501E}.Debug|x86.Build.0 = Debug|Any CPU
		{132FB1BC-F206-40C5-9E0B-3C91826E501E}.Release|Any CPU.ActiveCfg = Release|Any CPU
		{132FB1BC-F206-40C5-9E0B-3C91826E501E}.Release|Any CPU.Build.0 = Release|Any CPU
		{132FB1BC-F206-40C5-9E0B-3C91826E501E}.Release|x86.ActiveCfg = Release|Any CPU
		{132FB1BC-F206-40C5-9E0B-3C91826E501E}.Release|x86.Build.0 = Release|Any CPU
	EndGlobalSection
	GlobalSection(SolutionProperties) = preSolution
		HideSolutionNode = FALSE
	EndGlobalSection
	GlobalSection(ExtensibilityGlobals) = postSolution
		SolutionGuid = {8312A7ED-0443-48D0-A6F2-52648B062579}
	EndGlobalSection
EndGlobal
